
Microsoft Visual Studio Solution File, Format Version 12.00
# Visual Studio Version 16
VisualStudioVersion = 16.0.32602.291
MinimumVisualStudioVersion = 10.0.40219.1
Project("{FAE04EC0-301F-11D3-BF4B-00C04F79EFBC}") = "practice_diascan", "practice_diascan.csproj", "{2B33EA1B-3F30-4F8A-BC24-197139840C6A}"
EndProject
Global
	GlobalSection(SolutionConfigurationPlatforms) = preSolution
		Debug|Any CPU = Debug|Any CPU
		Release|Any CPU = Release|Any CPU
	EndGlobalSection
	GlobalSection(ProjectConfigurationPlatforms) = postSolution
		{2B33EA1B-3F30-4F8A-BC24-197139840C6A}.Debug|Any CPU.ActiveCfg = Debug|Any CPU
		{2B33EA1B-3F30-4F8A-BC24-197139840C6A}.Debug|Any CPU.Build.0 = Debug|Any CPU
		{2B33EA1B-3F30-4F8A-BC24-197139840C6A}.Release|Any CPU.ActiveCfg = Release|Any CPU
		{2B33EA1B-3F30-4F8A-BC24-197139840C6A}.Release|Any CPU.Build.0 = Release|Any CPU
	EndGlobalSection
	GlobalSection(SolutionProperties) = preSolution
		HideSolutionNode = FALSE
	EndGlobalSection
	GlobalSection(ExtensibilityGlobals) = postSolution
		SolutionGuid = {B4A60742-3E67-4508-B668-CE0B3C3B85B4}
	EndGlobalSection
EndGlobal
